
Microsoft Visual Studio Solution File, Format Version 12.00
# Visual Studio Version 16
VisualStudioVersion = 16.0.29009.5
MinimumVisualStudioVersion = 10.0.40219.1
Project("{9A19103F-16F7-4668-BE54-9A1E7A4F7556}") = "Common", "Common\Common.csproj", "{46C0E5E5-1E65-4D24-BF32-8430AF7A9CAD}"
EndProject
Project("{2150E333-8FDC-42A3-9474-1A3956D46DE8}") = "Common", "Common", "{BDA1D2F1-EBB3-4D57-9364-A86C6204EA66}"
EndProject
Project("{9A19103F-16F7-4668-BE54-9A1E7A4F7556}") = "Entity", "Entity\Entity.csproj", "{FAE4579F-F609-4B8B-A242-89A61E33FEFE}"
EndProject
Project("{9A19103F-16F7-4668-BE54-9A1E7A4F7556}") = "GineCore.Web", "GineCore.Web\GineCore.Web.csproj", "{A5AC8FDF-9254-4721-B153-97F195277D1F}"
EndProject
Project("{2150E333-8FDC-42A3-9474-1A3956D46DE8}") = "Domain", "Domain", "{4A6C603F-48B4-4581-9CDD-C46489BBCC7E}"
EndProject
Project("{9A19103F-16F7-4668-BE54-9A1E7A4F7556}") = "Service", "Service\Service.csproj", "{C293ED41-973E-4108-84D2-9C15FA1D1372}"
EndProject
Project("{9A19103F-16F7-4668-BE54-9A1E7A4F7556}") = "EntityFrameworkCore", "EntityFrameworkCore\EntityFrameworkCore.csproj", "{EA71C8B4-5F2A-4108-B10E-E88F6E2E76B9}"
EndProject
Project("{9A19103F-16F7-4668-BE54-9A1E7A4F7556}") = "Repository", "Repository\Repository.csproj", "{61DB3465-1826-4E5A-BC52-BFB5D58EBF7A}"
EndProject
Project("{2150E333-8FDC-42A3-9474-1A3956D46DE8}") = "Application", "Application", "{04FBE666-7A1C-40BD-8E30-4BDE80A71991}"
EndProject
Project("{2150E333-8FDC-42A3-9474-1A3956D46DE8}") = "Entites", "Entites", "{4FCEBA57-DF31-4570-80B6-DD217440668F}"
EndProject
Global
	GlobalSection(SolutionConfigurationPlatforms) = preSolution
		Debug|Any CPU = Debug|Any CPU
		Release|Any CPU = Release|Any CPU
	EndGlobalSection
	GlobalSection(ProjectConfigurationPlatforms) = postSolution
		{46C0E5E5-1E65-4D24-BF32-8430AF7A9CAD}.Debug|Any CPU.ActiveCfg = Debug|Any CPU
		{46C0E5E5-1E65-4D24-BF32-8430AF7A9CAD}.Debug|Any CPU.Build.0 = Debug|Any CPU
		{46C0E5E5-1E65-4D24-BF32-8430AF7A9CAD}.Release|Any CPU.ActiveCfg = Release|Any CPU
		{46C0E5E5-1E65-4D24-BF32-8430AF7A9CAD}.Release|Any CPU.Build.0 = Release|Any CPU
		{FAE4579F-F609-4B8B-A242-89A61E33FEFE}.Debug|Any CPU.ActiveCfg = Debug|Any CPU
		{FAE4579F-F609-4B8B-A242-89A61E33FEFE}.Debug|Any CPU.Build.0 = Debug|Any CPU
		{FAE4579F-F609-4B8B-A242-89A61E33FEFE}.Release|Any CPU.ActiveCfg = Release|Any CPU
		{FAE4579F-F609-4B8B-A242-89A61E33FEFE}.Release|Any CPU.Build.0 = Release|Any CPU
		{A5AC8FDF-9254-4721-B153-97F195277D1F}.Debug|Any CPU.ActiveCfg = Debug|Any CPU
		{A5AC8FDF-9254-4721-B153-97F195277D1F}.Debug|Any CPU.Build.0 = Debug|Any CPU
		{A5AC8FDF-9254-4721-B153-97F195277D1F}.Release|Any CPU.ActiveCfg = Release|Any CPU
		{A5AC8FDF-9254-4721-B153-97F195277D1F}.Release|Any CPU.Build.0 = Release|Any CPU
		{C293ED41-973E-4108-84D2-9C15FA1D1372}.Debug|Any CPU.ActiveCfg = Debug|Any CPU
		{C293ED41-973E-4108-84D2-9C15FA1D1372}.Debug|Any CPU.Build.0 = Debug|Any CPU
		{C293ED41-973E-4108-84D2-9C15FA1D1372}.Release|Any CPU.ActiveCfg = Release|Any CPU
		{C293ED41-973E-4108-84D2-9C15FA1D1372}.Release|Any CPU.Build.0 = Release|Any CPU
		{EA71C8B4-5F2A-4108-B10E-E88F6E2E76B9}.Debug|Any CPU.ActiveCfg = Debug|Any CPU
		{EA71C8B4-5F2A-4108-B10E-E88F6E2E76B9}.Debug|Any CPU.Build.0 = Debug|Any CPU
		{EA71C8B4-5F2A-4108-B10E-E88F6E2E76B9}.Release|Any CPU.ActiveCfg = Release|Any CPU
		{EA71C8B4-5F2A-4108-B10E-E88F6E2E76B9}.Release|Any CPU.Build.0 = Release|Any CPU
		{61DB3465-1826-4E5A-BC52-BFB5D58EBF7A}.Debug|Any CPU.ActiveCfg = Debug|Any CPU
		{61DB3465-1826-4E5A-BC52-BFB5D58EBF7A}.Debug|Any CPU.Build.0 = Debug|Any CPU
		{61DB3465-1826-4E5A-BC52-BFB5D58EBF7A}.Release|Any CPU.ActiveCfg = Release|Any CPU
		{61DB3465-1826-4E5A-BC52-BFB5D58EBF7A}.Release|Any CPU.Build.0 = Release|Any CPU
	EndGlobalSection
	GlobalSection(SolutionProperties) = preSolution
		HideSolutionNode = FALSE
	EndGlobalSection
	GlobalSection(NestedProjects) = preSolution
		{46C0E5E5-1E65-4D24-BF32-8430AF7A9CAD} = {BDA1D2F1-EBB3-4D57-9364-A86C6204EA66}
		{FAE4579F-F609-4B8B-A242-89A61E33FEFE} = {4FCEBA57-DF31-4570-80B6-DD217440668F}
		{A5AC8FDF-9254-4721-B153-97F195277D1F} = {04FBE666-7A1C-40BD-8E30-4BDE80A71991}
		{C293ED41-973E-4108-84D2-9C15FA1D1372} = {4A6C603F-48B4-4581-9CDD-C46489BBCC7E}
		{EA71C8B4-5F2A-4108-B10E-E88F6E2E76B9} = {BDA1D2F1-EBB3-4D57-9364-A86C6204EA66}
		{61DB3465-1826-4E5A-BC52-BFB5D58EBF7A} = {4A6C603F-48B4-4581-9CDD-C46489BBCC7E}
		{4FCEBA57-DF31-4570-80B6-DD217440668F} = {BDA1D2F1-EBB3-4D57-9364-A86C6204EA66}
	EndGlobalSection
	GlobalSection(ExtensibilityGlobals) = postSolution
		SolutionGuid = {848A5848-0558-4803-9933-B46FF7981CAE}
	EndGlobalSection
EndGlobal
